
Microsoft Visual Studio Solution File, Format Version 12.00
# Visual Studio Version 16
VisualStudioVersion = 16.0.30621.155
MinimumVisualStudioVersion = 10.0.40219.1
Project("{9A19103F-16F7-4668-BE54-9A1E7A4F7556}") = "HrisApi.Model", "HrisApi.Model\HrisApi.Model.csproj", "{E43C1006-3241-4B1F-AEF1-098A0EFB90F3}"
EndProject
Project("{9A19103F-16F7-4668-BE54-9A1E7A4F7556}") = "HrisApi.Function", "HrisApi.Function\HrisApi.Function.csproj", "{817421B1-50A9-4CAC-9352-05D8C8654157}"
EndProject
Project("{9A19103F-16F7-4668-BE54-9A1E7A4F7556}") = "HrisApi.Data", "HrisApi.Data\HrisApi.Data.csproj", "{2AE0E0C6-B053-4398-94F1-83348003B165}"
EndProject
Project("{9A19103F-16F7-4668-BE54-9A1E7A4F7556}") = "HrisApi.Context", "HrisApi.Context\HrisApi.Context.csproj", "{309A2FF4-5991-48D6-BEB7-F124DDCA6448}"
EndProject
Project("{9A19103F-16F7-4668-BE54-9A1E7A4F7556}") = "HrisApi", "HrisApi\HrisApi.csproj", "{66B0F108-B233-4AA0-B770-7E8A7977A2EE}"
EndProject
Project("{FAE04EC0-301F-11D3-BF4B-00C04F79EFBC}") = "HrisApi.Tests", "HrisApi.Tests\HrisApi.Tests.csproj", "{DC66D2F2-9353-42DC-8C74-5593E8C01AB8}"
EndProject
Global
	GlobalSection(SolutionConfigurationPlatforms) = preSolution
		Debug|Any CPU = Debug|Any CPU
		Release|Any CPU = Release|Any CPU
	EndGlobalSection
	GlobalSection(ProjectConfigurationPlatforms) = postSolution
		{E43C1006-3241-4B1F-AEF1-098A0EFB90F3}.Debug|Any CPU.ActiveCfg = Debug|Any CPU
		{E43C1006-3241-4B1F-AEF1-098A0EFB90F3}.Debug|Any CPU.Build.0 = Debug|Any CPU
		{E43C1006-3241-4B1F-AEF1-098A0EFB90F3}.Release|Any CPU.ActiveCfg = Release|Any CPU
		{E43C1006-3241-4B1F-AEF1-098A0EFB90F3}.Release|Any CPU.Build.0 = Release|Any CPU
		{817421B1-50A9-4CAC-9352-05D8C8654157}.Debug|Any CPU.ActiveCfg = Debug|Any CPU
		{817421B1-50A9-4CAC-9352-05D8C8654157}.Debug|Any CPU.Build.0 = Debug|Any CPU
		{817421B1-50A9-4CAC-9352-05D8C8654157}.Release|Any CPU.ActiveCfg = Release|Any CPU
		{817421B1-50A9-4CAC-9352-05D8C8654157}.Release|Any CPU.Build.0 = Release|Any CPU
		{2AE0E0C6-B053-4398-94F1-83348003B165}.Debug|Any CPU.ActiveCfg = Debug|Any CPU
		{2AE0E0C6-B053-4398-94F1-83348003B165}.Debug|Any CPU.Build.0 = Debug|Any CPU
		{2AE0E0C6-B053-4398-94F1-83348003B165}.Release|Any CPU.ActiveCfg = Release|Any CPU
		{2AE0E0C6-B053-4398-94F1-83348003B165}.Release|Any CPU.Build.0 = Release|Any CPU
		{309A2FF4-5991-48D6-BEB7-F124DDCA6448}.Debug|Any CPU.ActiveCfg = Debug|Any CPU
		{309A2FF4-5991-48D6-BEB7-F124DDCA6448}.Debug|Any CPU.Build.0 = Debug|Any CPU
		{309A2FF4-5991-48D6-BEB7-F124DDCA6448}.Release|Any CPU.ActiveCfg = Release|Any CPU
		{309A2FF4-5991-48D6-BEB7-F124DDCA6448}.Release|Any CPU.Build.0 = Release|Any CPU
		{66B0F108-B233-4AA0-B770-7E8A7977A2EE}.Debug|Any CPU.ActiveCfg = Debug|Any CPU
		{66B0F108-B233-4AA0-B770-7E8A7977A2EE}.Debug|Any CPU.Build.0 = Debug|Any CPU
		{66B0F108-B233-4AA0-B770-7E8A7977A2EE}.Release|Any CPU.ActiveCfg = Release|Any CPU
		{66B0F108-B233-4AA0-B770-7E8A7977A2EE}.Release|Any CPU.Build.0 = Release|Any CPU
		{DC66D2F2-9353-42DC-8C74-5593E8C01AB8}.Debug|Any CPU.ActiveCfg = Debug|Any CPU
		{DC66D2F2-9353-42DC-8C74-5593E8C01AB8}.Debug|Any CPU.Build.0 = Debug|Any CPU
		{DC66D2F2-9353-42DC-8C74-5593E8C01AB8}.Release|Any CPU.ActiveCfg = Release|Any CPU
		{DC66D2F2-9353-42DC-8C74-5593E8C01AB8}.Release|Any CPU.Build.0 = Release|Any CPU
	EndGlobalSection
	GlobalSection(SolutionProperties) = preSolution
		HideSolutionNode = FALSE
	EndGlobalSection
	GlobalSection(ExtensibilityGlobals) = postSolution
		SolutionGuid = {11945F60-4493-4F39-832D-1AEDC981F22A}
	EndGlobalSection
EndGlobal
